
Microsoft Visual Studio Solution File, Format Version 12.00
# Visual Studio Version 17
VisualStudioVersion = 17.6.33829.357
MinimumVisualStudioVersion = 10.0.40219.1
Project("{FAE04EC0-301F-11D3-BF4B-00C04F79EFBC}") = "VistaAdmin", "VistaAdmin\VistaAdmin.csproj", "{A59E6E14-F378-496E-8607-0C938A056A32}"
EndProject
Global
	GlobalSection(SolutionConfigurationPlatforms) = preSolution
		Debug|Any CPU = Debug|Any CPU
		Release|Any CPU = Release|Any CPU
	EndGlobalSection
	GlobalSection(ProjectConfigurationPlatforms) = postSolution
		{A59E6E14-F378-496E-8607-0C938A056A32}.Debug|Any CPU.ActiveCfg = Debug|Any CPU
		{A59E6E14-F378-496E-8607-0C938A056A32}.Debug|Any CPU.Build.0 = Debug|Any CPU
		{A59E6E14-F378-496E-8607-0C938A056A32}.Release|Any CPU.ActiveCfg = Release|Any CPU
		{A59E6E14-F378-496E-8607-0C938A056A32}.Release|Any CPU.Build.0 = Release|Any CPU
	EndGlobalSection
	GlobalSection(SolutionProperties) = preSolution
		HideSolutionNode = FALSE
	EndGlobalSection
	GlobalSection(ExtensibilityGlobals) = postSolution
		SolutionGuid = {4DBCBCE3-FA42-4B9A-9291-747739E3A20C}
	EndGlobalSection
EndGlobal
