
Microsoft Visual Studio Solution File, Format Version 12.00
# Visual Studio Version 17
VisualStudioVersion = 17.6.33829.357
MinimumVisualStudioVersion = 10.0.40219.1
Project("{FAE04EC0-301F-11D3-BF4B-00C04F79EFBC}") = "VistaAdmin", "VistaAdmin\VistaAdmin.csproj", "{A59E6E14-F378-496E-8607-0C938A056A32}"
EndProject
Project("{FAE04EC0-301F-11D3-BF4B-00C04F79EFBC}") = "VistaCliente", "VistaCliente\VistaCliente.csproj", "{12F970A4-AD66-426E-9D34-F7613E074EC4}"
EndProject
Project("{FAE04EC0-301F-11D3-BF4B-00C04F79EFBC}") = "CapaDatos", "CapaDatos\CapaDatos.csproj", "{AFB468FA-7C34-4A63-B71C-B2E8E0ACBDDF}"
EndProject
Project("{FAE04EC0-301F-11D3-BF4B-00C04F79EFBC}") = "CapaNegocio", "CapaNegocio\CapaNegocio.csproj", "{7C18169A-7B71-45D2-84A7-F12CEA8829DA}"
EndProject
Project("{FAE04EC0-301F-11D3-BF4B-00C04F79EFBC}") = "CapaDominio", "CapaDominio\CapaDominio.csproj", "{B3F742E8-0B41-45C0-9EC7-9D5F4B9BFD09}"
EndProject
Global
	GlobalSection(SolutionConfigurationPlatforms) = preSolution
		Debug|Any CPU = Debug|Any CPU
		Release|Any CPU = Release|Any CPU
	EndGlobalSection
	GlobalSection(ProjectConfigurationPlatforms) = postSolution
		{A59E6E14-F378-496E-8607-0C938A056A32}.Debug|Any CPU.ActiveCfg = Debug|Any CPU
		{A59E6E14-F378-496E-8607-0C938A056A32}.Debug|Any CPU.Build.0 = Debug|Any CPU
		{A59E6E14-F378-496E-8607-0C938A056A32}.Release|Any CPU.ActiveCfg = Release|Any CPU
		{A59E6E14-F378-496E-8607-0C938A056A32}.Release|Any CPU.Build.0 = Release|Any CPU
		{12F970A4-AD66-426E-9D34-F7613E074EC4}.Debug|Any CPU.ActiveCfg = Debug|Any CPU
		{12F970A4-AD66-426E-9D34-F7613E074EC4}.Debug|Any CPU.Build.0 = Debug|Any CPU
		{12F970A4-AD66-426E-9D34-F7613E074EC4}.Release|Any CPU.ActiveCfg = Release|Any CPU
		{12F970A4-AD66-426E-9D34-F7613E074EC4}.Release|Any CPU.Build.0 = Release|Any CPU
		{AFB468FA-7C34-4A63-B71C-B2E8E0ACBDDF}.Debug|Any CPU.ActiveCfg = Debug|Any CPU
		{AFB468FA-7C34-4A63-B71C-B2E8E0ACBDDF}.Debug|Any CPU.Build.0 = Debug|Any CPU
		{AFB468FA-7C34-4A63-B71C-B2E8E0ACBDDF}.Release|Any CPU.ActiveCfg = Release|Any CPU
		{AFB468FA-7C34-4A63-B71C-B2E8E0ACBDDF}.Release|Any CPU.Build.0 = Release|Any CPU
		{7C18169A-7B71-45D2-84A7-F12CEA8829DA}.Debug|Any CPU.ActiveCfg = Debug|Any CPU
		{7C18169A-7B71-45D2-84A7-F12CEA8829DA}.Debug|Any CPU.Build.0 = Debug|Any CPU
		{7C18169A-7B71-45D2-84A7-F12CEA8829DA}.Release|Any CPU.ActiveCfg = Release|Any CPU
		{7C18169A-7B71-45D2-84A7-F12CEA8829DA}.Release|Any CPU.Build.0 = Release|Any CPU
		{B3F742E8-0B41-45C0-9EC7-9D5F4B9BFD09}.Debug|Any CPU.ActiveCfg = Debug|Any CPU
		{B3F742E8-0B41-45C0-9EC7-9D5F4B9BFD09}.Debug|Any CPU.Build.0 = Debug|Any CPU
		{B3F742E8-0B41-45C0-9EC7-9D5F4B9BFD09}.Release|Any CPU.ActiveCfg = Release|Any CPU
		{B3F742E8-0B41-45C0-9EC7-9D5F4B9BFD09}.Release|Any CPU.Build.0 = Release|Any CPU
	EndGlobalSection
	GlobalSection(SolutionProperties) = preSolution
		HideSolutionNode = FALSE
	EndGlobalSection
	GlobalSection(ExtensibilityGlobals) = postSolution
		SolutionGuid = {4DBCBCE3-FA42-4B9A-9291-747739E3A20C}
	EndGlobalSection
EndGlobal
